<Solution>
  <Folder Name="/src/">
    <Project Path="src/AppHost/AppHost.csproj" />
    <Project Path="src/ServiceDefaults/ServiceDefaults.csproj" />
  </Folder>
  <Folder Name="/src/BuildingBlocks/">
    <Project Path="src/BuildingBlocks/BuildingBlocks.Common/BuildingBlocks.Common.csproj" />
    <Project Path="src/BuildingBlocks/BuildingBlocks.Contracts/BuildingBlocks.Contracts.csproj" />
    <Project Path="src/BuildingBlocks/BuildingBlocks.Messaging/BuildingBlocks.Messaging.csproj" />
    <Project Path="src/BuildingBlocks/BuildingBlocks.Web/BuildingBlocks.Web.csproj" />
  </Folder>
  <Folder Name="/src/Services/" />
  <Folder Name="/src/Services/Catalog/">
    <Project Path="src/Services/Catalog/Catalog.Api/Catalog.Api.csproj" />
  </Folder>
  <Folder Name="/src/Services/Ordering/">
    <Project Path="src/Services/Ordering/Ordering.Api/Ordering.Api.csproj" />
    <Project Path="src/Services/Ordering/Ordering.Application/Ordering.Application.csproj" />
    <Project Path="src/Services/Ordering/Ordering.Domain/Ordering.Domain.csproj" />
    <Project Path="src/Services/Ordering/Ordering.Infrastructure/Ordering.Infrastructure.csproj" />
  </Folder>
  <Folder Name="/tests/">
    <Project Path="tests/Ordering.Domain.UnitTests/Ordering.Domain.UnitTests.csproj" />
  </Folder>
</Solution>
